{
  "name": "@solid-js/navigation",
  "version": "0.1.0",
  "lockfileVersion": 1,
  "requires": true,
  "dependencies": {
    "browser-or-node": {
      "version": "1.2.1",
      "resolved": "https://registry.npmjs.org/browser-or-node/-/browser-or-node-1.2.1.tgz",
      "integrity": "sha512-sVIA0cysIED0nbmNOm7sZzKfgN1rpFmrqvLZaFWspaBAftfQcezlC81G6j6U2RJf4Lh66zFxrCeOsvkUXIcPWg=="
    },
    "preact": {
      "version": "10.0.0-rc.3",
      "resolved": "https://registry.npmjs.org/preact/-/preact-10.0.0-rc.3.tgz",
      "integrity": "sha512-IvDc2AGvHJncEtORciLDzpluDF2MsZqf9eo6xHt7HVY4E6OvxZzAePYJtv3siVdEntxmB9NciQpbToT1APqJYQ=="
    }
  }
}
