{
	"name": "@solid-js/web-toolkit",
	"version": "0.1.0",
	"lockfileVersion": 1,
	"requires": true,
	"dependencies": {
		"@solid-js/signal": {
			"version": "0.9.1",
			"resolved": "https://registry.npmjs.org/@solid-js/signal/-/signal-0.9.1.tgz",
			"integrity": "sha512-Cgeg7ko7qXYbeGFB92Li/GNSogf2hUdDaZAPSFjEW3jnyCQgSOnuNJ+eO5dYx+f1mLVhk3MqZ20ueyWp2Oo31A==",
			"requires": {
				"shallow-equal": "^1.1.0"
			}
		},
		"@solid-js/utils": {
			"version": "0.1.0",
			"resolved": "https://registry.npmjs.org/@solid-js/utils/-/utils-0.1.0.tgz",
			"integrity": "sha512-CIBZ11YC3KjjnIoH8XQFWKXdgTRToclWYS2YVJw6o/J9fIqAWBqAepeO00yxqi/3CD6NK5tr+RkSLhkI+5Bn7A=="
		},
		"@solid-js/yadl": {
			"version": "0.2.0",
			"resolved": "https://registry.npmjs.org/@solid-js/yadl/-/yadl-0.2.0.tgz",
			"integrity": "sha512-bC1r0LynjLOcJ0uDvn+iqEeiFJEYI+rMFxRA+IrzAmzHbxBCgAuwdrfWU14XEQ68EudK0RlbJZVgLulibNFXFQ=="
		},
		"shallow-equal": {
			"version": "1.2.0",
			"resolved": "https://registry.npmjs.org/shallow-equal/-/shallow-equal-1.2.0.tgz",
			"integrity": "sha512-Z21pVxR4cXsfwpMKMhCEIO1PCi5sp7KEp+CmOpBQ+E8GpHwKOw2sEzk7sgblM3d/j4z4gakoWEoPcjK0VJQogA=="
		}
	}
}
