{
  "name": "solid-app-test",
  "version": "1.0.0",
  "lockfileVersion": 1,
  "requires": true,
  "dependencies": {
    "preact": {
      "version": "10.0.0-rc.3",
      "resolved": "https://registry.npmjs.org/preact/-/preact-10.0.0-rc.3.tgz",
      "integrity": "sha512-IvDc2AGvHJncEtORciLDzpluDF2MsZqf9eo6xHt7HVY4E6OvxZzAePYJtv3siVdEntxmB9NciQpbToT1APqJYQ=="
    },
    "preact-render-to-string": {
      "version": "4.1.0",
      "resolved": "https://registry.npmjs.org/preact-render-to-string/-/preact-render-to-string-4.1.0.tgz",
      "integrity": "sha512-FlFBJRxo8z4cp6VsDmeYjIEx4ZK2clFJnKIvIj8K1IQCRm7ZgJ/SZ1+BotT86/Nc+V1pNtFabHoUi6gpjx5Pug==",
      "dev": true,
      "requires": {
        "pretty-format": "^3.8.0"
      }
    },
    "pretty-format": {
      "version": "3.8.0",
      "resolved": "https://registry.npmjs.org/pretty-format/-/pretty-format-3.8.0.tgz",
      "integrity": "sha1-v77VbV6ad2ZF9LH/eqGjrE+jw4U=",
      "dev": true
    },
    "typescript": {
      "version": "3.6.3",
      "resolved": "https://registry.npmjs.org/typescript/-/typescript-3.6.3.tgz",
      "integrity": "sha512-N7bceJL1CtRQ2RiG0AQME13ksR7DiuQh/QehubYcghzv20tnh+MQnQIuJddTmsbqYj+dztchykemz0zFzlvdQw==",
      "dev": true
    }
  }
}
